
Microsoft Visual Studio Solution File, Format Version 12.00
# Visual Studio 2013
VisualStudioVersion = 12.0.21005.1
MinimumVisualStudioVersion = 10.0.40219.1
Project("{FAE04EC0-301F-11D3-BF4B-00C04F79EFBC}") = "WebApplication1", "WebApplication1\WebApplication1.csproj", "{617E0B36-D678-43C0-8D7F-A57D97923DEC}"
EndProject
Project("{FAE04EC0-301F-11D3-BF4B-00C04F79EFBC}") = "Persistence", "Persistence\Persistence.csproj", "{8386DA05-FC58-4A42-8F7C-AD46D3FBB4D3}"
EndProject
Project("{FAE04EC0-301F-11D3-BF4B-00C04F79EFBC}") = "BusinessLogic", "BusinessLogic\BusinessLogic.csproj", "{AC95D13D-C6EC-4396-82E9-77A0B4EA7B81}"
EndProject
Project("{FAE04EC0-301F-11D3-BF4B-00C04F79EFBC}") = "DataMapper", "DataMapper\DataMapper.csproj", "{A3FEFB7D-BE93-4D07-B6CE-9F857B79C1F8}"
EndProject
Project("{FAE04EC0-301F-11D3-BF4B-00C04F79EFBC}") = "ApplicationLogger", "ApplicationLogger\ApplicationLogger.csproj", "{49466327-9716-4269-A584-663815B47DD4}"
EndProject
Project("{FAE04EC0-301F-11D3-BF4B-00C04F79EFBC}") = "TestBusinessLogic", "TestBusinessLogic\TestBusinessLogic.csproj", "{D8C46096-7043-4746-8138-7F1BD639C5F8}"
EndProject
Project("{FAE04EC0-301F-11D3-BF4B-00C04F79EFBC}") = "TestPersistence", "TestPersistence\TestPersistence.csproj", "{6C13DE55-F55C-42B2-8DCA-4153C0F7BE89}"
EndProject
Global
	GlobalSection(SolutionConfigurationPlatforms) = preSolution
		Debug|Any CPU = Debug|Any CPU
		Release|Any CPU = Release|Any CPU
	EndGlobalSection
	GlobalSection(ProjectConfigurationPlatforms) = postSolution
		{617E0B36-D678-43C0-8D7F-A57D97923DEC}.Debug|Any CPU.ActiveCfg = Debug|Any CPU
		{617E0B36-D678-43C0-8D7F-A57D97923DEC}.Debug|Any CPU.Build.0 = Debug|Any CPU
		{617E0B36-D678-43C0-8D7F-A57D97923DEC}.Release|Any CPU.ActiveCfg = Release|Any CPU
		{617E0B36-D678-43C0-8D7F-A57D97923DEC}.Release|Any CPU.Build.0 = Release|Any CPU
		{8386DA05-FC58-4A42-8F7C-AD46D3FBB4D3}.Debug|Any CPU.ActiveCfg = Debug|Any CPU
		{8386DA05-FC58-4A42-8F7C-AD46D3FBB4D3}.Debug|Any CPU.Build.0 = Debug|Any CPU
		{8386DA05-FC58-4A42-8F7C-AD46D3FBB4D3}.Release|Any CPU.ActiveCfg = Release|Any CPU
		{8386DA05-FC58-4A42-8F7C-AD46D3FBB4D3}.Release|Any CPU.Build.0 = Release|Any CPU
		{AC95D13D-C6EC-4396-82E9-77A0B4EA7B81}.Debug|Any CPU.ActiveCfg = Debug|Any CPU
		{AC95D13D-C6EC-4396-82E9-77A0B4EA7B81}.Debug|Any CPU.Build.0 = Debug|Any CPU
		{AC95D13D-C6EC-4396-82E9-77A0B4EA7B81}.Debug|Any CPU.Deploy.0 = Debug|Any CPU
		{AC95D13D-C6EC-4396-82E9-77A0B4EA7B81}.Release|Any CPU.ActiveCfg = Release|Any CPU
		{AC95D13D-C6EC-4396-82E9-77A0B4EA7B81}.Release|Any CPU.Build.0 = Release|Any CPU
		{AC95D13D-C6EC-4396-82E9-77A0B4EA7B81}.Release|Any CPU.Deploy.0 = Release|Any CPU
		{A3FEFB7D-BE93-4D07-B6CE-9F857B79C1F8}.Debug|Any CPU.ActiveCfg = Debug|Any CPU
		{A3FEFB7D-BE93-4D07-B6CE-9F857B79C1F8}.Debug|Any CPU.Build.0 = Debug|Any CPU
		{A3FEFB7D-BE93-4D07-B6CE-9F857B79C1F8}.Debug|Any CPU.Deploy.0 = Debug|Any CPU
		{A3FEFB7D-BE93-4D07-B6CE-9F857B79C1F8}.Release|Any CPU.ActiveCfg = Release|Any CPU
		{A3FEFB7D-BE93-4D07-B6CE-9F857B79C1F8}.Release|Any CPU.Build.0 = Release|Any CPU
		{A3FEFB7D-BE93-4D07-B6CE-9F857B79C1F8}.Release|Any CPU.Deploy.0 = Release|Any CPU
		{49466327-9716-4269-A584-663815B47DD4}.Debug|Any CPU.ActiveCfg = Debug|Any CPU
		{49466327-9716-4269-A584-663815B47DD4}.Debug|Any CPU.Build.0 = Debug|Any CPU
		{49466327-9716-4269-A584-663815B47DD4}.Release|Any CPU.ActiveCfg = Release|Any CPU
		{49466327-9716-4269-A584-663815B47DD4}.Release|Any CPU.Build.0 = Release|Any CPU
		{D8C46096-7043-4746-8138-7F1BD639C5F8}.Debug|Any CPU.ActiveCfg = Debug|Any CPU
		{D8C46096-7043-4746-8138-7F1BD639C5F8}.Debug|Any CPU.Build.0 = Debug|Any CPU
		{D8C46096-7043-4746-8138-7F1BD639C5F8}.Release|Any CPU.ActiveCfg = Release|Any CPU
		{D8C46096-7043-4746-8138-7F1BD639C5F8}.Release|Any CPU.Build.0 = Release|Any CPU
		{6C13DE55-F55C-42B2-8DCA-4153C0F7BE89}.Debug|Any CPU.ActiveCfg = Debug|Any CPU
		{6C13DE55-F55C-42B2-8DCA-4153C0F7BE89}.Debug|Any CPU.Build.0 = Debug|Any CPU
		{6C13DE55-F55C-42B2-8DCA-4153C0F7BE89}.Debug|Any CPU.Deploy.0 = Debug|Any CPU
		{6C13DE55-F55C-42B2-8DCA-4153C0F7BE89}.Release|Any CPU.ActiveCfg = Release|Any CPU
		{6C13DE55-F55C-42B2-8DCA-4153C0F7BE89}.Release|Any CPU.Build.0 = Release|Any CPU
		{6C13DE55-F55C-42B2-8DCA-4153C0F7BE89}.Release|Any CPU.Deploy.0 = Release|Any CPU
	EndGlobalSection
	GlobalSection(SolutionProperties) = preSolution
		HideSolutionNode = FALSE
	EndGlobalSection
EndGlobal
